// !$*UTF8*$!
{
	archiveVersion = 1;
	classes = {
	};
	objectVersion = 46;
	objects = {

/* Begin PBXBuildFile section */
		1C102B3F19E7CC0C009C4E00 /* AppDelegate.swift in Sources */ = {isa = PBXBuildFile; fileRef = 1C102B3E19E7CC0C009C4E00 /* AppDelegate.swift */; };
		1C102B4119E7CC0C009C4E00 /* ViewController.swift in Sources */ = {isa = PBXBuildFile; fileRef = 1C102B4019E7CC0C009C4E00 /* ViewController.swift */; };
		1C102B4419E7CC0C009C4E00 /* Main.storyboard in Resources */ = {isa = PBXBuildFile; fileRef = 1C102B4219E7CC0C009C4E00 /* Main.storyboard */; };
		1C102B4619E7CC0C009C4E00 /* Images.xcassets in Resources */ = {isa = PBXBuildFile; fileRef = 1C102B4519E7CC0C009C4E00 /* Images.xcassets */; };
		1C102B4919E7CC0C009C4E00 /* LaunchScreen.xib in Resources */ = {isa = PBXBuildFile; fileRef = 1C102B4719E7CC0C009C4E00 /* LaunchScreen.xib */; };
		1C102B5519E7CC0D009C4E00 /* AlertView03Tests.swift in Sources */ = {isa = PBXBuildFile; fileRef = 1C102B5419E7CC0D009C4E00 /* AlertView03Tests.swift */; };
/* End PBXBuildFile section */

/* Begin PBXContainerItemProxy section */
		1C102B4F19E7CC0D009C4E00 /* PBXContainerItemProxy */ = {
			isa = PBXContainerItemProxy;
			containerPortal = 1C102B3119E7CC0C009C4E00 /* Project object */;
			proxyType = 1;
			remoteGlobalIDString = 1C102B3819E7CC0C009C4E00;
			remoteInfo = AlertView03;
		};
/* End PBXContainerItemProxy section */

/* Begin PBXFileReference section */
		1C102B3919E7CC0C009C4E00 /* AlertView03.app */ = {isa = PBXFileReference; explicitFileType = wrapper.application; includeInIndex = 0; path = AlertView03.app; sourceTree = BUILT_PRODUCTS_DIR; };
		1C102B3D19E7CC0C009C4E00 /* Info.plist */ = {isa = PBXFileReference; lastKnownFileType = text.plist.xml; path = Info.plist; sourceTree = "<group>"; };
		1C102B3E19E7CC0C009C4E00 /* AppDelegate.swift */ = {isa = PBXFileReference; lastKnownFileType = sourcecode.swift; path = AppDelegate.swift; sourceTree = "<group>"; };
		1C102B4019E7CC0C009C4E00 /* ViewController.swift */ = {isa = PBXFileReference; lastKnownFileType = sourcecode.swift; path = ViewController.swift; sourceTree = "<group>"; };
		1C102B4319E7CC0C009C4E00 /* Base */ = {isa = PBXFileReference; lastKnownFileType = file.storyboard; name = Base; path = Base.lproj/Main.storyboard; sourceTree = "<group>"; };
		1C102B4519E7CC0C009C4E00 /* Images.xcassets */ = {isa = PBXFileReference; lastKnownFileType = folder.assetcatalog; path = Images.xcassets; sourceTree = "<group>"; };
		1C102B4819E7CC0C009C4E00 /* Base */ = {isa = PBXFileReference; lastKnownFileType = file.xib; name = Base; path = Base.lproj/LaunchScreen.xib; sourceTree = "<group>"; };
		1C102B4E19E7CC0D009C4E00 /* AlertView03Tests.xctest */ = {isa = PBXFileReference; explicitFileType = wrapper.cfbundle; includeInIndex = 0; path = AlertView03Tests.xctest; sourceTree = BUILT_PRODUCTS_DIR; };
		1C102B5319E7CC0D009C4E00 /* Info.plist */ = {isa = PBXFileReference; lastKnownFileType = text.plist.xml; path = Info.plist; sourceTree = "<group>"; };
		1C102B5419E7CC0D009C4E00 /* AlertView03Tests.swift */ = {isa = PBXFileReference; lastKnownFileType = sourcecode.swift; path = AlertView03Tests.swift; sourceTree = "<group>"; };
/* End PBXFileReference section */

/* Begin PBXFrameworksBuildPhase section */
		1C102B3619E7CC0C009C4E00 /* Frameworks */ = {
			isa = PBXFrameworksBuildPhase;
			buildActionMask = 2147483647;
			files = (
			);
			runOnlyForDeploymentPostprocessing = 0;
		};
		1C102B4B19E7CC0D009C4E00 /* Frameworks */ = {
			isa = PBXFrameworksBuildPhase;
			buildActionMask = 2147483647;
			files = (
			);
			runOnlyForDeploymentPostprocessing = 0;
		};
/* End PBXFrameworksBuildPhase section */

/* Begin PBXGroup section */
		1C102B3019E7CC0C009C4E00 = {
			isa = PBXGroup;
			children = (
				1C102B3B19E7CC0C009C4E00 /* AlertView03 */,
				1C102B5119E7CC0D009C4E00 /* AlertView03Tests */,
				1C102B3A19E7CC0C009C4E00 /* Products */,
			);
			sourceTree = "<group>";
		};
		1C102B3A19E7CC0C009C4E00 /* Products */ = {
			isa = PBXGroup;
			children = (
				1C102B3919E7CC0C009C4E00 /* AlertView03.app */,
				1C102B4E19E7CC0D009C4E00 /* AlertView03Tests.xctest */,
			);
			name = Products;
			sourceTree = "<group>";
		};
		1C102B3B19E7CC0C009C4E00 /* AlertView03 */ = {
			isa = PBXGroup;
			children = (
				1C102B3E19E7CC0C009C4E00 /* AppDelegate.swift */,
				1C102B4019E7CC0C009C4E00 /* ViewController.swift */,
				1C102B4219E7CC0C009C4E00 /* Main.storyboard */,
				1C102B4519E7CC0C009C4E00 /* Images.xcassets */,
				1C102B4719E7CC0C009C4E00 /* LaunchScreen.xib */,
				1C102B3C19E7CC0C009C4E00 /* Supporting Files */,
			);
			path = AlertView03;
			sourceTree = "<group>";
		};
		1C102B3C19E7CC0C009C4E00 /* Supporting Files */ = {
			isa = PBXGroup;
			children = (
				1C102B3D19E7CC0C009C4E00 /* Info.plist */,
			);
			name = "Supporting Files";
			sourceTree = "<group>";
		};
		1C102B5119E7CC0D009C4E00 /* AlertView03Tests */ = {
			isa = PBXGroup;
			children = (
				1C102B5419E7CC0D009C4E00 /* AlertView03Tests.swift */,
				1C102B5219E7CC0D009C4E00 /* Supporting Files */,
			);
			path = AlertView03Tests;
			sourceTree = "<group>";
		};
		1C102B5219E7CC0D009C4E00 /* Supporting Files */ = {
			isa = PBXGroup;
			children = (
				1C102B5319E7CC0D009C4E00 /* Info.plist */,
			);
			name = "Supporting Files";
			sourceTree = "<group>";
		};
/* End PBXGroup section */

/* Begin PBXNativeTarget section */
		1C102B3819E7CC0C009C4E00 /* AlertView03 */ = {
			isa = PBXNativeTarget;
			buildConfigurationList = 1C102B5819E7CC0D009C4E00 /* Build configuration list for PBXNativeTarget "AlertView03" */;
			buildPhases = (
				1C102B3519E7CC0C009C4E00 /* Sources */,
				1C102B3619E7CC0C009C4E00 /* Frameworks */,
				1C102B3719E7CC0C009C4E00 /* Resources */,
			);
			buildRules = (
			);
			dependencies = (
			);
			name = AlertView03;
			productName = AlertView03;
			productReference = 1C102B3919E7CC0C009C4E00 /* AlertView03.app */;
			productType = "com.apple.product-type.application";
		};
		1C102B4D19E7CC0D009C4E00 /* AlertView03Tests */ = {
			isa = PBXNativeTarget;
			buildConfigurationList = 1C102B5B19E7CC0D009C4E00 /* Build configuration list for PBXNativeTarget "AlertView03Tests" */;
			buildPhases = (
				1C102B4A19E7CC0D009C4E00 /* Sources */,
				1C102B4B19E7CC0D009C4E00 /* Frameworks */,
				1C102B4C19E7CC0D009C4E00 /* Resources */,
			);
			buildRules = (
			);
			dependencies = (
				1C102B5019E7CC0D009C4E00 /* PBXTargetDependency */,
			);
			name = AlertView03Tests;
			productName = AlertView03Tests;
			productReference = 1C102B4E19E7CC0D009C4E00 /* AlertView03Tests.xctest */;
			productType = "com.apple.product-type.bundle.unit-test";
		};
/* End PBXNativeTarget section */

/* Begin PBXProject section */
		1C102B3119E7CC0C009C4E00 /* Project object */ = {
			isa = PBXProject;
			attributes = {
				LastUpgradeCheck = 0600;
				ORGANIZATIONNAME = LilyHuang;
				TargetAttributes = {
					1C102B3819E7CC0C009C4E00 = {
						CreatedOnToolsVersion = 6.0.1;
					};
					1C102B4D19E7CC0D009C4E00 = {
						CreatedOnToolsVersion = 6.0.1;
						TestTargetID = 1C102B3819E7CC0C009C4E00;
					};
				};
			};
			buildConfigurationList = 1C102B3419E7CC0C009C4E00 /* Build configuration list for PBXProject "AlertView03" */;
			compatibilityVersion = "Xcode 3.2";
			developmentRegion = English;
			hasScannedForEncodings = 0;
			knownRegions = (
				en,
				Base,
			);
			mainGroup = 1C102B3019E7CC0C009C4E00;
			productRefGroup = 1C102B3A19E7CC0C009C4E00 /* Products */;
			projectDirPath = "";
			projectRoot = "";
			targets = (
				1C102B3819E7CC0C009C4E00 /* AlertView03 */,
				1C102B4D19E7CC0D009C4E00 /* AlertView03Tests */,
			);
		};
/* End PBXProject section */

/* Begin PBXResourcesBuildPhase section */
		1C102B3719E7CC0C009C4E00 /* Resources */ = {
			isa = PBXResourcesBuildPhase;
			buildActionMask = 2147483647;
			files = (
				1C102B4419E7CC0C009C4E00 /* Main.storyboard in Resources */,
				1C102B4919E7CC0C009C4E00 /* LaunchScreen.xib in Resources */,
				1C102B4619E7CC0C009C4E00 /* Images.xcassets in Resources */,
			);
			runOnlyForDeploymentPostprocessing = 0;
		};
		1C102B4C19E7CC0D009C4E00 /* Resources */ = {
			isa = PBXResourcesBuildPhase;
			buildActionMask = 2147483647;
			files = (
			);
			runOnlyForDeploymentPostprocessing = 0;
		};
/* End PBXResourcesBuildPhase section */

/* Begin PBXSourcesBuildPhase section */
		1C102B3519E7CC0C009C4E00 /* Sources */ = {
			isa = PBXSourcesBuildPhase;
			buildActionMask = 2147483647;
			files = (
				1C102B4119E7CC0C009C4E00 /* ViewController.swift in Sources */,
				1C102B3F19E7CC0C009C4E00 /* AppDelegate.swift in Sources */,
			);
			runOnlyForDeploymentPostprocessing = 0;
		};
		1C102B4A19E7CC0D009C4E00 /* Sources */ = {
			isa = PBXSourcesBuildPhase;
			buildActionMask = 2147483647;
			files = (
				1C102B5519E7CC0D009C4E00 /* AlertView03Tests.swift in Sources */,
			);
			runOnlyForDeploymentPostprocessing = 0;
		};
/* End PBXSourcesBuildPhase section */

/* Begin PBXTargetDependency section */
		1C102B5019E7CC0D009C4E00 /* PBXTargetDependency */ = {
			isa = PBXTargetDependency;
			target = 1C102B3819E7CC0C009C4E00 /* AlertView03 */;
			targetProxy = 1C102B4F19E7CC0D009C4E00 /* PBXContainerItemProxy */;
		};
/* End PBXTargetDependency section */

/* Begin PBXVariantGroup section */
		1C102B4219E7CC0C009C4E00 /* Main.storyboard */ = {
			isa = PBXVariantGroup;
			children = (
				1C102B4319E7CC0C009C4E00 /* Base */,
			);
			name = Main.storyboard;
			sourceTree = "<group>";
		};
		1C102B4719E7CC0C009C4E00 /* LaunchScreen.xib */ = {
			isa = PBXVariantGroup;
			children = (
				1C102B4819E7CC0C009C4E00 /* Base */,
			);
			name = LaunchScreen.xib;
			sourceTree = "<group>";
		};
/* End PBXVariantGroup section */

/* Begin XCBuildConfiguration section */
		1C102B5619E7CC0D009C4E00 /* Debug */ = {
			isa = XCBuildConfiguration;
			buildSettings = {
				ALWAYS_SEARCH_USER_PATHS = NO;
				CLANG_CXX_LANGUAGE_STANDARD = "gnu++0x";
				CLANG_CXX_LIBRARY = "libc++";
				CLANG_ENABLE_MODULES = YES;
				CLANG_ENABLE_OBJC_ARC = YES;
				CLANG_WARN_BOOL_CONVERSION = YES;
				CLANG_WARN_CONSTANT_CONVERSION = YES;
				CLANG_WARN_DIRECT_OBJC_ISA_USAGE = YES_ERROR;
				CLANG_WARN_EMPTY_BODY = YES;
				CLANG_WARN_ENUM_CONVERSION = YES;
				CLANG_WARN_INT_CONVERSION = YES;
				CLANG_WARN_OBJC_ROOT_CLASS = YES_ERROR;
				CLANG_WARN_UNREACHABLE_CODE = YES;
				CLANG_WARN__DUPLICATE_METHOD_MATCH = YES;
				"CODE_SIGN_IDENTITY[sdk=iphoneos*]" = "iPhone Developer";
				COPY_PHASE_STRIP = NO;
				ENABLE_STRICT_OBJC_MSGSEND = YES;
				GCC_C_LANGUAGE_STANDARD = gnu99;
				GCC_DYNAMIC_NO_PIC = NO;
				GCC_OPTIMIZATION_LEVEL = 0;
				GCC_PREPROCESSOR_DEFINITIONS = (
					"DEBUG=1",
					"$(inherited)",
				);
				GCC_SYMBOLS_PRIVATE_EXTERN = NO;
				GCC_WARN_64_TO_32_BIT_CONVERSION = YES;
				GCC_WARN_ABOUT_RETURN_TYPE = YES_ERROR;
				GCC_WARN_UNDECLARED_SELECTOR = YES;
				GCC_WARN_UNINITIALIZED_AUTOS = YES_AGGRESSIVE;
				GCC_WARN_UNUSED_FUNCTION = YES;
				GCC_WARN_UNUSED_VARIABLE = YES;
				IPHONEOS_DEPLOYMENT_TARGET = 8.0;
				MTL_ENABLE_DEBUG_INFO = YES;
				ONLY_ACTIVE_ARCH = YES;
				SDKROOT = iphoneos;
				SWIFT_OPTIMIZATION_LEVEL = "-Onone";
			};
			name = Debug;
		};
		1C102B5719E7CC0D009C4E00 /* Release */ = {
			isa = XCBuildConfiguration;
			buildSettings = {
				ALWAYS_SEARCH_USER_PATHS = NO;
				CLANG_CXX_LANGUAGE_STANDARD = "gnu++0x";
				CLANG_CXX_LIBRARY = "libc++";
				CLANG_ENABLE_MODULES = YES;
				CLANG_ENABLE_OBJC_ARC = YES;
				CLANG_WARN_BOOL_CONVERSION = YES;
				CLANG_WARN_CONSTANT_CONVERSION = YES;
				CLANG_WARN_DIRECT_OBJC_ISA_USAGE = YES_ERROR;
				CLANG_WARN_EMPTY_BODY = YES;
				CLANG_WARN_ENUM_CONVERSION = YES;
				CLANG_WARN_INT_CONVERSION = YES;
				CLANG_WARN_OBJC_ROOT_CLASS = YES_ERROR;
				CLANG_WARN_UNREACHABLE_CODE = YES;
				CLANG_WARN__DUPLICATE_METHOD_MATCH = YES;
				"CODE_SIGN_IDENTITY[sdk=iphoneos*]" = "iPhone Developer";
				COPY_PHASE_STRIP = YES;
				ENABLE_NS_ASSERTIONS = NO;
				ENABLE_STRICT_OBJC_MSGSEND = YES;
				GCC_C_LANGUAGE_STANDARD = gnu99;
				GCC_WARN_64_TO_32_BIT_CONVERSION = YES;
				GCC_WARN_ABOUT_RETURN_TYPE = YES_ERROR;
				GCC_WARN_UNDECLARED_SELECTOR = YES;
				GCC_WARN_UNINITIALIZED_AUTOS = YES_AGGRESSIVE;
				GCC_WARN_UNUSED_FUNCTION = YES;
				GCC_WARN_UNUSED_VARIABLE = YES;
				IPHONEOS_DEPLOYMENT_TARGET = 8.0;
				MTL_ENABLE_DEBUG_INFO = NO;
				SDKROOT = iphoneos;
				VALIDATE_PRODUCT = YES;
			};
			name = Release;
		};
		1C102B5919E7CC0D009C4E00 /* Debug */ = {
			isa = XCBuildConfiguration;
			buildSettings = {
				ASSETCATALOG_COMPILER_APPICON_NAME = AppIcon;
				INFOPLIST_FILE = AlertView03/Info.plist;
				LD_RUNPATH_SEARCH_PATHS = "$(inherited) @executable_path/Frameworks";
				PRODUCT_NAME = "$(TARGET_NAME)";
			};
			name = Debug;
		};
		1C102B5A19E7CC0D009C4E00 /* Release */ = {
			isa = XCBuildConfiguration;
			buildSettings = {
				ASSETCATALOG_COMPILER_APPICON_NAME = AppIcon;
				INFOPLIST_FILE = AlertView03/Info.plist;
				LD_RUNPATH_SEARCH_PATHS = "$(inherited) @executable_path/Frameworks";
				PRODUCT_NAME = "$(TARGET_NAME)";
			};
			name = Release;
		};
		1C102B5C19E7CC0D009C4E00 /* Debug */ = {
			isa = XCBuildConfiguration;
			buildSettings = {
				BUNDLE_LOADER = "$(TEST_HOST)";
				FRAMEWORK_SEARCH_PATHS = (
					"$(SDKROOT)/Developer/Library/Frameworks",
					"$(inherited)",
				);
				GCC_PREPROCESSOR_DEFINITIONS = (
					"DEBUG=1",
					"$(inherited)",
				);
				INFOPLIST_FILE = AlertView03Tests/Info.plist;
				LD_RUNPATH_SEARCH_PATHS = "$(inherited) @executable_path/Frameworks @loader_path/Frameworks";
				PRODUCT_NAME = "$(TARGET_NAME)";
				TEST_HOST = "$(BUILT_PRODUCTS_DIR)/AlertView03.app/AlertView03";
			};
			name = Debug;
		};
		1C102B5D19E7CC0D009C4E00 /* Release */ = {
			isa = XCBuildConfiguration;
			buildSettings = {
				BUNDLE_LOADER = "$(TEST_HOST)";
				FRAMEWORK_SEARCH_PATHS = (
					"$(SDKROOT)/Developer/Library/Frameworks",
					"$(inherited)",
				);
				INFOPLIST_FILE = AlertView03Tests/Info.plist;
				LD_RUNPATH_SEARCH_PATHS = "$(inherited) @executable_path/Frameworks @loader_path/Frameworks";
				PRODUCT_NAME = "$(TARGET_NAME)";
				TEST_HOST = "$(BUILT_PRODUCTS_DIR)/AlertView03.app/AlertView03";
			};
			name = Release;
		};
/* End XCBuildConfiguration section */

/* Begin XCConfigurationList section */
		1C102B3419E7CC0C009C4E00 /* Build configuration list for PBXProject "AlertView03" */ = {
			isa = XCConfigurationList;
			buildConfigurations = (
				1C102B5619E7CC0D009C4E00 /* Debug */,
				1C102B5719E7CC0D009C4E00 /* Release */,
			);
			defaultConfigurationIsVisible = 0;
			defaultConfigurationName = Release;
		};
		1C102B5819E7CC0D009C4E00 /* Build configuration list for PBXNativeTarget "AlertView03" */ = {
			isa = XCConfigurationList;
			buildConfigurations = (
				1C102B5919E7CC0D009C4E00 /* Debug */,
				1C102B5A19E7CC0D009C4E00 /* Release */,
			);
			defaultConfigurationIsVisible = 0;
		};
		1C102B5B19E7CC0D009C4E00 /* Build configuration list for PBXNativeTarget "AlertView03Tests" */ = {
			isa = XCConfigurationList;
			buildConfigurations = (
				1C102B5C19E7CC0D009C4E00 /* Debug */,
				1C102B5D19E7CC0D009C4E00 /* Release */,
			);
			defaultConfigurationIsVisible = 0;
		};
/* End XCConfigurationList section */
	};
	rootObject = 1C102B3119E7CC0C009C4E00 /* Project object */;
}
